// !$*UTF8*$!
{
	archiveVersion = 1;
	classes = {
	};
	objectVersion = 46;
	objects = {

/* Begin PBXBuildFile section */
		6E06DA371EADA6DA001EF166 /* YYPhotoGroupView.m in Sources */ = {isa = PBXBuildFile; fileRef = 6E06DA361EADA6DA001EF166 /* YYPhotoGroupView.m */; };
		6E06DCDC1EAEED89001EF166 /* LCNDeviceManager.m in Sources */ = {isa = PBXBuildFile; fileRef = 6E06DCDB1EAEED89001EF166 /* LCNDeviceManager.m */; };
		6E06DD391EB0982D001EF166 /* amrFileCodec.mm in Sources */ = {isa = PBXBuildFile; fileRef = 6E06DD2E1EB0982D001EF166 /* amrFileCodec.mm */; };
		6E06DD3A1EB0982D001EF166 /* EMVoiceConverter.mm in Sources */ = {isa = PBXBuildFile; fileRef = 6E06DD301EB0982D001EF166 /* EMVoiceConverter.mm */; };
		6E06DD3B1EB0982D001EF166 /* LCNUtils.m in Sources */ = {isa = PBXBuildFile; fileRef = 6E06DD321EB0982D001EF166 /* LCNUtils.m */; };
		6E06DD3C1EB0982D001EF166 /* libopencore-amrnb.a in Frameworks */ = {isa = PBXBuildFile; fileRef = 6E06DD331EB0982D001EF166 /* libopencore-amrnb.a */; };
		6E06DD3D1EB0982D001EF166 /* libopencore-amrwb.a in Frameworks */ = {isa = PBXBuildFile; fileRef = 6E06DD341EB0982D001EF166 /* libopencore-amrwb.a */; };
		6E06DD3E1EB0982D001EF166 /* UIView+Toast.m in Sources */ = {isa = PBXBuildFile; fileRef = 6E06DD361EB0982D001EF166 /* UIView+Toast.m */; };
		6E06DD3F1EB0982D001EF166 /* wav.mm in Sources */ = {isa = PBXBuildFile; fileRef = 6E06DD381EB0982D001EF166 /* wav.mm */; };
		6E0EB9B31DBF54A80050DF58 /* LCNMsgBubbleMaskMaker.m in Sources */ = {isa = PBXBuildFile; fileRef = 6E0EB9B21DBF54A80050DF58 /* LCNMsgBubbleMaskMaker.m */; };
		6E19C2431DB611F800021B1B /* main.m in Sources */ = {isa = PBXBuildFile; fileRef = 6E19C2421DB611F800021B1B /* main.m */; };
		6E19C2461DB611F800021B1B /* AppDelegate.m in Sources */ = {isa = PBXBuildFile; fileRef = 6E19C2451DB611F800021B1B /* AppDelegate.m */; };
		6E19C2491DB611F800021B1B /* LCNChatKitViewController.m in Sources */ = {isa = PBXBuildFile; fileRef = 6E19C2481DB611F800021B1B /* LCNChatKitViewController.m */; };
		6E19C24C1DB611F800021B1B /* Main.storyboard in Resources */ = {isa = PBXBuildFile; fileRef = 6E19C24A1DB611F800021B1B /* Main.storyboard */; };
		6E19C24E1DB611F800021B1B /* Assets.xcassets in Resources */ = {isa = PBXBuildFile; fileRef = 6E19C24D1DB611F800021B1B /* Assets.xcassets */; };
		6E19C2511DB611F800021B1B /* LaunchScreen.storyboard in Resources */ = {isa = PBXBuildFile; fileRef = 6E19C24F1DB611F800021B1B /* LaunchScreen.storyboard */; };
		6E19C25C1DB611F800021B1B /* LCNChatKitTests.m in Sources */ = {isa = PBXBuildFile; fileRef = 6E19C25B1DB611F800021B1B /* LCNChatKitTests.m */; };
		6E19C2671DB611F800021B1B /* LCNChatKitUITests.m in Sources */ = {isa = PBXBuildFile; fileRef = 6E19C2661DB611F800021B1B /* LCNChatKitUITests.m */; };
		6E19C2891DB6122600021B1B /* LCNCollectionView.m in Sources */ = {isa = PBXBuildFile; fileRef = 6E19C2761DB6122600021B1B /* LCNCollectionView.m */; };
		6E19C28A1DB6122600021B1B /* LCNCollectionViewCell.m in Sources */ = {isa = PBXBuildFile; fileRef = 6E19C2781DB6122600021B1B /* LCNCollectionViewCell.m */; };
		6E19C28B1DB6122600021B1B /* LCNCollectionViewFlowLayout.m in Sources */ = {isa = PBXBuildFile; fileRef = 6E19C27A1DB6122600021B1B /* LCNCollectionViewFlowLayout.m */; };
		6E19C28C1DB6122600021B1B /* LCNCollectionViewIncomingCell.m in Sources */ = {isa = PBXBuildFile; fileRef = 6E19C27C1DB6122600021B1B /* LCNCollectionViewIncomingCell.m */; };
		6E19C28D1DB6122600021B1B /* LCNCollectionViewLayoutAttributes.m in Sources */ = {isa = PBXBuildFile; fileRef = 6E19C27E1DB6122600021B1B /* LCNCollectionViewLayoutAttributes.m */; };
		6E19C28E1DB6122600021B1B /* LCNCollectionViewOutgoingCell.m in Sources */ = {isa = PBXBuildFile; fileRef = 6E19C2801DB6122600021B1B /* LCNCollectionViewOutgoingCell.m */; };
		6E19C28F1DB6122600021B1B /* LCNMediaBubble.m in Sources */ = {isa = PBXBuildFile; fileRef = 6E19C2821DB6122600021B1B /* LCNMediaBubble.m */; };
		6E19C2901DB6122600021B1B /* LCNMessageLayout.m in Sources */ = {isa = PBXBuildFile; fileRef = 6E19C2851DB6122600021B1B /* LCNMessageLayout.m */; };
		6E19C2911DB6122600021B1B /* LCNMessageModel.m in Sources */ = {isa = PBXBuildFile; fileRef = 6E19C2871DB6122600021B1B /* LCNMessageModel.m */; };
		6E19C2A11DB7603800021B1B /* YYFPSLabel.m in Sources */ = {isa = PBXBuildFile; fileRef = 6E19C2A01DB7603800021B1B /* YYFPSLabel.m */; };
		6E19C2A71DB7775400021B1B /* LCNImageMediaBubble.m in Sources */ = {isa = PBXBuildFile; fileRef = 6E19C2A61DB7775400021B1B /* LCNImageMediaBubble.m */; };
		6E19C2AA1DB7B81000021B1B /* LCNAudioMediaBubble.m in Sources */ = {isa = PBXBuildFile; fileRef = 6E19C2A91DB7B81000021B1B /* LCNAudioMediaBubble.m */; };
		6E19C2AD1DB7B82600021B1B /* LCNVideoMediaBubble.m in Sources */ = {isa = PBXBuildFile; fileRef = 6E19C2AC1DB7B82600021B1B /* LCNVideoMediaBubble.m */; };
		6E19C2B01DB7B8B000021B1B /* LCNLocationMediaBubble.m in Sources */ = {isa = PBXBuildFile; fileRef = 6E19C2AF1DB7B8B000021B1B /* LCNLocationMediaBubble.m */; };
		6E19C2B31DB7B93A00021B1B /* LCNContactMediaBubble.m in Sources */ = {isa = PBXBuildFile; fileRef = 6E19C2B21DB7B93A00021B1B /* LCNContactMediaBubble.m */; };
		6E19C2B61DB7B95800021B1B /* LCNShareMediaBubble.m in Sources */ = {isa = PBXBuildFile; fileRef = 6E19C2B51DB7B95800021B1B /* LCNShareMediaBubble.m */; };
		6E19C2B91DB7B97500021B1B /* LCNEmojiMedaiBubble.m in Sources */ = {isa = PBXBuildFile; fileRef = 6E19C2B81DB7B97500021B1B /* LCNEmojiMedaiBubble.m */; };
		6E19C3171DBA01C700021B1B /* LCNTextMediaBubble.m in Sources */ = {isa = PBXBuildFile; fileRef = 6E19C3161DBA01C700021B1B /* LCNTextMediaBubble.m */; };
		6E23EE351DD9985600F42336 /* TestViewController.m in Sources */ = {isa = PBXBuildFile; fileRef = 6E23EE341DD9985600F42336 /* TestViewController.m */; };
		6E35CAB61DD30538008393CE /* LCNInputBar.m in Sources */ = {isa = PBXBuildFile; fileRef = 6E35CAB51DD30538008393CE /* LCNInputBar.m */; };
		6E60D72F1DC09ED9004DCFF2 /* LCNMsgContentHelper.m in Sources */ = {isa = PBXBuildFile; fileRef = 6E60D72E1DC09ED9004DCFF2 /* LCNMsgContentHelper.m */; };
		6E89EA921DC9B492005EFAFD /* niconiconi@2x.gif in Resources */ = {isa = PBXBuildFile; fileRef = 6E89EA911DC9B492005EFAFD /* niconiconi@2x.gif */; };
		6EAE637E1E1205890041EBF4 /* QuartzCore.framework in Frameworks */ = {isa = PBXBuildFile; fileRef = 6EAE637D1E1205890041EBF4 /* QuartzCore.framework */; };
		6EAE63861E1249470041EBF4 /* LCNInputBarFaceView.m in Sources */ = {isa = PBXBuildFile; fileRef = 6EAE63851E1249470041EBF4 /* LCNInputBarFaceView.m */; };
		6EAE63891E12495B0041EBF4 /* LCNInputBarMoreView.m in Sources */ = {isa = PBXBuildFile; fileRef = 6EAE63881E12495B0041EBF4 /* LCNInputBarMoreView.m */; };
		6EBA554E1DC18F2D00588039 /* LCNMsgHelper.m in Sources */ = {isa = PBXBuildFile; fileRef = 6EBA554D1DC18F2D00588039 /* LCNMsgHelper.m */; };
		6EBA56261DC8502200588039 /* test.jpg in Resources */ = {isa = PBXBuildFile; fileRef = 6EBA56251DC8502200588039 /* test.jpg */; };
		6EC0C6801E4B6AD6002B7A4E /* LCNAudioManager.m in Sources */ = {isa = PBXBuildFile; fileRef = 6EC0C67F1E4B6AD6002B7A4E /* LCNAudioManager.m */; };
		6EDCF0151DCA2C3A0021FC5C /* dots22.gif in Resources */ = {isa = PBXBuildFile; fileRef = 6EDCF0141DCA2C3A0021FC5C /* dots22.gif */; };
		6EDCF0271DCB75E80021FC5C /* DemoViewController.m in Sources */ = {isa = PBXBuildFile; fileRef = 6EDCF0261DCB75E80021FC5C /* DemoViewController.m */; };
		6EE1DC1D1DC9E94A00480A18 /* giphy.gif in Resources */ = {isa = PBXBuildFile; fileRef = 6EE1DC1C1DC9E94A00480A18 /* giphy.gif */; };
		6EFDF3FB1E4863CE0063BA8C /* LCNRefreshView.m in Sources */ = {isa = PBXBuildFile; fileRef = 6EFDF3FA1E4863CE0063BA8C /* LCNRefreshView.m */; };
		BC68B187316B7B7D60F8B32B /* libPods-LCNChatKit.a in Frameworks */ = {isa = PBXBuildFile; fileRef = C3D92FEE436CC2D0F01296A9 /* libPods-LCNChatKit.a */; };
/* End PBXBuildFile section */

/* Begin PBXContainerItemProxy section */
		6E19C2581DB611F800021B1B /* PBXContainerItemProxy */ = {
			isa = PBXContainerItemProxy;
			containerPortal = 6E19C2361DB611F800021B1B /* Project object */;
			proxyType = 1;
			remoteGlobalIDString = 6E19C23D1DB611F800021B1B;
			remoteInfo = LCNChatKit;
		};
		6E19C2631DB611F800021B1B /* PBXContainerItemProxy */ = {
			isa = PBXContainerItemProxy;
			containerPortal = 6E19C2361DB611F800021B1B /* Project object */;
			proxyType = 1;
			remoteGlobalIDString = 6E19C23D1DB611F800021B1B;
			remoteInfo = LCNChatKit;
		};
/* End PBXContainerItemProxy section */

/* Begin PBXFileReference section */
		3AA0E421CFF339F35D186A07 /* Pods-LCNChatKit.debug.xcconfig */ = {isa = PBXFileReference; includeInIndex = 1; lastKnownFileType = text.xcconfig; name = "Pods-LCNChatKit.debug.xcconfig"; path = "Pods/Target Support Files/Pods-LCNChatKit/Pods-LCNChatKit.debug.xcconfig"; sourceTree = "<group>"; };
		664A8137201E41CB75DB0D84 /* Pods-LCNChatKit.release.xcconfig */ = {isa = PBXFileReference; includeInIndex = 1; lastKnownFileType = text.xcconfig; name = "Pods-LCNChatKit.release.xcconfig"; path = "Pods/Target Support Files/Pods-LCNChatKit/Pods-LCNChatKit.release.xcconfig"; sourceTree = "<group>"; };
		6E06DA351EADA6DA001EF166 /* YYPhotoGroupView.h */ = {isa = PBXFileReference; fileEncoding = 4; lastKnownFileType = sourcecode.c.h; path = YYPhotoGroupView.h; sourceTree = "<group>"; };
		6E06DA361EADA6DA001EF166 /* YYPhotoGroupView.m */ = {isa = PBXFileReference; fileEncoding = 4; lastKnownFileType = sourcecode.c.objc; path = YYPhotoGroupView.m; sourceTree = "<group>"; };
		6E06DCDA1EAEED89001EF166 /* LCNDeviceManager.h */ = {isa = PBXFileReference; fileEncoding = 4; lastKnownFileType = sourcecode.c.h; path = LCNDeviceManager.h; sourceTree = "<group>"; };
		6E06DCDB1EAEED89001EF166 /* LCNDeviceManager.m */ = {isa = PBXFileReference; fileEncoding = 4; lastKnownFileType = sourcecode.c.objc; path = LCNDeviceManager.m; sourceTree = "<group>"; };
		6E06DCF41EB0745F001EF166 /* LCNConfig.h */ = {isa = PBXFileReference; lastKnownFileType = sourcecode.c.h; path = LCNConfig.h; sourceTree = "<group>"; };
		6E06DD2D1EB0982D001EF166 /* amrFileCodec.h */ = {isa = PBXFileReference; fileEncoding = 4; lastKnownFileType = sourcecode.c.h; path = amrFileCodec.h; sourceTree = "<group>"; };
		6E06DD2E1EB0982D001EF166 /* amrFileCodec.mm */ = {isa = PBXFileReference; fileEncoding = 4; lastKnownFileType = sourcecode.cpp.objcpp; path = amrFileCodec.mm; sourceTree = "<group>"; };
		6E06DD2F1EB0982D001EF166 /* EMVoiceConverter.h */ = {isa = PBXFileReference; fileEncoding = 4; lastKnownFileType = sourcecode.c.h; path = EMVoiceConverter.h; sourceTree = "<group>"; };
		6E06DD301EB0982D001EF166 /* EMVoiceConverter.mm */ = {isa = PBXFileReference; fileEncoding = 4; lastKnownFileType = sourcecode.cpp.objcpp; path = EMVoiceConverter.mm; sourceTree = "<group>"; };
		6E06DD311EB0982D001EF166 /* LCNUtils.h */ = {isa = PBXFileReference; fileEncoding = 4; lastKnownFileType = sourcecode.c.h; path = LCNUtils.h; sourceTree = "<group>"; };
		6E06DD321EB0982D001EF166 /* LCNUtils.m */ = {isa = PBXFileReference; fileEncoding = 4; lastKnownFileType = sourcecode.c.objc; path = LCNUtils.m; sourceTree = "<group>"; };
		6E06DD331EB0982D001EF166 /* libopencore-amrnb.a */ = {isa = PBXFileReference; lastKnownFileType = archive.ar; path = "libopencore-amrnb.a"; sourceTree = "<group>"; };
		6E06DD341EB0982D001EF166 /* libopencore-amrwb.a */ = {isa = PBXFileReference; lastKnownFileType = archive.ar; path = "libopencore-amrwb.a"; sourceTree = "<group>"; };
		6E06DD351EB0982D001EF166 /* UIView+Toast.h */ = {isa = PBXFileReference; fileEncoding = 4; lastKnownFileType = sourcecode.c.h; path = "UIView+Toast.h"; sourceTree = "<group>"; };
		6E06DD361EB0982D001EF166 /* UIView+Toast.m */ = {isa = PBXFileReference; fileEncoding = 4; lastKnownFileType = sourcecode.c.objc; path = "UIView+Toast.m"; sourceTree = "<group>"; };
		6E06DD371EB0982D001EF166 /* wav.h */ = {isa = PBXFileReference; fileEncoding = 4; lastKnownFileType = sourcecode.c.h; path = wav.h; sourceTree = "<group>"; };
		6E06DD381EB0982D001EF166 /* wav.mm */ = {isa = PBXFileReference; fileEncoding = 4; lastKnownFileType = sourcecode.cpp.objcpp; path = wav.mm; sourceTree = "<group>"; };
		6E06DD431EB09877001EF166 /* interf_dec.h */ = {isa = PBXFileReference; fileEncoding = 4; lastKnownFileType = sourcecode.c.h; path = interf_dec.h; sourceTree = "<group>"; };
		6E06DD441EB09877001EF166 /* interf_enc.h */ = {isa = PBXFileReference; fileEncoding = 4; lastKnownFileType = sourcecode.c.h; path = interf_enc.h; sourceTree = "<group>"; };
		6E06DD461EB098B2001EF166 /* dec_if.h */ = {isa = PBXFileReference; fileEncoding = 4; lastKnownFileType = sourcecode.c.h; path = dec_if.h; sourceTree = "<group>"; };
		6E06DD471EB098B2001EF166 /* if_rom.h */ = {isa = PBXFileReference; fileEncoding = 4; lastKnownFileType = sourcecode.c.h; path = if_rom.h; sourceTree = "<group>"; };
		6E0EB9B11DBF54A80050DF58 /* LCNMsgBubbleMaskMaker.h */ = {isa = PBXFileReference; fileEncoding = 4; lastKnownFileType = sourcecode.c.h; path = LCNMsgBubbleMaskMaker.h; sourceTree = "<group>"; };
		6E0EB9B21DBF54A80050DF58 /* LCNMsgBubbleMaskMaker.m */ = {isa = PBXFileReference; fileEncoding = 4; lastKnownFileType = sourcecode.c.objc; path = LCNMsgBubbleMaskMaker.m; sourceTree = "<group>"; };
		6E19C23E1DB611F800021B1B /* LCNChatKit.app */ = {isa = PBXFileReference; explicitFileType = wrapper.application; includeInIndex = 0; path = LCNChatKit.app; sourceTree = BUILT_PRODUCTS_DIR; };
		6E19C2421DB611F800021B1B /* main.m */ = {isa = PBXFileReference; lastKnownFileType = sourcecode.c.objc; path = main.m; sourceTree = "<group>"; };
		6E19C2441DB611F800021B1B /* AppDelegate.h */ = {isa = PBXFileReference; lastKnownFileType = sourcecode.c.h; path = AppDelegate.h; sourceTree = "<group>"; };
		6E19C2451DB611F800021B1B /* AppDelegate.m */ = {isa = PBXFileReference; lastKnownFileType = sourcecode.c.objc; path = AppDelegate.m; sourceTree = "<group>"; };
		6E19C2471DB611F800021B1B /* LCNChatKitViewController.h */ = {isa = PBXFileReference; lastKnownFileType = sourcecode.c.h; path = LCNChatKitViewController.h; sourceTree = "<group>"; };
		6E19C2481DB611F800021B1B /* LCNChatKitViewController.m */ = {isa = PBXFileReference; lastKnownFileType = sourcecode.c.objc; path = LCNChatKitViewController.m; sourceTree = "<group>"; };
		6E19C24B1DB611F800021B1B /* Base */ = {isa = PBXFileReference; lastKnownFileType = file.storyboard; name = Base; path = Base.lproj/Main.storyboard; sourceTree = "<group>"; };
		6E19C24D1DB611F800021B1B /* Assets.xcassets */ = {isa = PBXFileReference; lastKnownFileType = folder.assetcatalog; path = Assets.xcassets; sourceTree = "<group>"; };
		6E19C2501DB611F800021B1B /* Base */ = {isa = PBXFileReference; lastKnownFileType = file.storyboard; name = Base; path = Base.lproj/LaunchScreen.storyboard; sourceTree = "<group>"; };
		6E19C2521DB611F800021B1B /* Info.plist */ = {isa = PBXFileReference; lastKnownFileType = text.plist.xml; path = Info.plist; sourceTree = "<group>"; };
		6E19C2571DB611F800021B1B /* LCNChatKitTests.xctest */ = {isa = PBXFileReference; explicitFileType = wrapper.cfbundle; includeInIndex = 0; path = LCNChatKitTests.xctest; sourceTree = BUILT_PRODUCTS_DIR; };
		6E19C25B1DB611F800021B1B /* LCNChatKitTests.m */ = {isa = PBXFileReference; lastKnownFileType = sourcecode.c.objc; path = LCNChatKitTests.m; sourceTree = "<group>"; };
		6E19C25D1DB611F800021B1B /* Info.plist */ = {isa = PBXFileReference; lastKnownFileType = text.plist.xml; path = Info.plist; sourceTree = "<group>"; };
		6E19C2621DB611F800021B1B /* LCNChatKitUITests.xctest */ = {isa = PBXFileReference; explicitFileType = wrapper.cfbundle; includeInIndex = 0; path = LCNChatKitUITests.xctest; sourceTree = BUILT_PRODUCTS_DIR; };
		6E19C2661DB611F800021B1B /* LCNChatKitUITests.m */ = {isa = PBXFileReference; lastKnownFileType = sourcecode.c.objc; path = LCNChatKitUITests.m; sourceTree = "<group>"; };
		6E19C2681DB611F800021B1B /* Info.plist */ = {isa = PBXFileReference; lastKnownFileType = text.plist.xml; path = Info.plist; sourceTree = "<group>"; };
		6E19C2741DB6122600021B1B /* LCNChatKit.h */ = {isa = PBXFileReference; fileEncoding = 4; lastKnownFileType = sourcecode.c.h; path = LCNChatKit.h; sourceTree = "<group>"; };
		6E19C2751DB6122600021B1B /* LCNCollectionView.h */ = {isa = PBXFileReference; fileEncoding = 4; lastKnownFileType = sourcecode.c.h; path = LCNCollectionView.h; sourceTree = "<group>"; };
		6E19C2761DB6122600021B1B /* LCNCollectionView.m */ = {isa = PBXFileReference; fileEncoding = 4; lastKnownFileType = sourcecode.c.objc; path = LCNCollectionView.m; sourceTree = "<group>"; };
		6E19C2771DB6122600021B1B /* LCNCollectionViewCell.h */ = {isa = PBXFileReference; fileEncoding = 4; lastKnownFileType = sourcecode.c.h; path = LCNCollectionViewCell.h; sourceTree = "<group>"; };
		6E19C2781DB6122600021B1B /* LCNCollectionViewCell.m */ = {isa = PBXFileReference; fileEncoding = 4; lastKnownFileType = sourcecode.c.objc; path = LCNCollectionViewCell.m; sourceTree = "<group>"; };
		6E19C2791DB6122600021B1B /* LCNCollectionViewFlowLayout.h */ = {isa = PBXFileReference; fileEncoding = 4; lastKnownFileType = sourcecode.c.h; path = LCNCollectionViewFlowLayout.h; sourceTree = "<group>"; };
		6E19C27A1DB6122600021B1B /* LCNCollectionViewFlowLayout.m */ = {isa = PBXFileReference; fileEncoding = 4; lastKnownFileType = sourcecode.c.objc; path = LCNCollectionViewFlowLayout.m; sourceTree = "<group>"; };
		6E19C27B1DB6122600021B1B /* LCNCollectionViewIncomingCell.h */ = {isa = PBXFileReference; fileEncoding = 4; lastKnownFileType = sourcecode.c.h; path = LCNCollectionViewIncomingCell.h; sourceTree = "<group>"; };
		6E19C27C1DB6122600021B1B /* LCNCollectionViewIncomingCell.m */ = {isa = PBXFileReference; fileEncoding = 4; lastKnownFileType = sourcecode.c.objc; path = LCNCollectionViewIncomingCell.m; sourceTree = "<group>"; };
		6E19C27D1DB6122600021B1B /* LCNCollectionViewLayoutAttributes.h */ = {isa = PBXFileReference; fileEncoding = 4; lastKnownFileType = sourcecode.c.h; path = LCNCollectionViewLayoutAttributes.h; sourceTree = "<group>"; };
		6E19C27E1DB6122600021B1B /* LCNCollectionViewLayoutAttributes.m */ = {isa = PBXFileReference; fileEncoding = 4; lastKnownFileType = sourcecode.c.objc; path = LCNCollectionViewLayoutAttributes.m; sourceTree = "<group>"; };
		6E19C27F1DB6122600021B1B /* LCNCollectionViewOutgoingCell.h */ = {isa = PBXFileReference; fileEncoding = 4; lastKnownFileType = sourcecode.c.h; path = LCNCollectionViewOutgoingCell.h; sourceTree = "<group>"; };
		6E19C2801DB6122600021B1B /* LCNCollectionViewOutgoingCell.m */ = {isa = PBXFileReference; fileEncoding = 4; lastKnownFileType = sourcecode.c.objc; path = LCNCollectionViewOutgoingCell.m; sourceTree = "<group>"; };
		6E19C2811DB6122600021B1B /* LCNMediaBubble.h */ = {isa = PBXFileReference; fileEncoding = 4; lastKnownFileType = sourcecode.c.h; path = LCNMediaBubble.h; sourceTree = "<group>"; };
		6E19C2821DB6122600021B1B /* LCNMediaBubble.m */ = {isa = PBXFileReference; fileEncoding = 4; lastKnownFileType = sourcecode.c.objc; path = LCNMediaBubble.m; sourceTree = "<group>"; };
		6E19C2831DB6122600021B1B /* LCNMediaBubbleDelegate.h */ = {isa = PBXFileReference; fileEncoding = 4; lastKnownFileType = sourcecode.c.h; path = LCNMediaBubbleDelegate.h; sourceTree = "<group>"; };
		6E19C2841DB6122600021B1B /* LCNMessageLayout.h */ = {isa = PBXFileReference; fileEncoding = 4; lastKnownFileType = sourcecode.c.h; path = LCNMessageLayout.h; sourceTree = "<group>"; };
		6E19C2851DB6122600021B1B /* LCNMessageLayout.m */ = {isa = PBXFileReference; fileEncoding = 4; lastKnownFileType = sourcecode.c.objc; path = LCNMessageLayout.m; sourceTree = "<group>"; };
		6E19C2861DB6122600021B1B /* LCNMessageModel.h */ = {isa = PBXFileReference; fileEncoding = 4; lastKnownFileType = sourcecode.c.h; path = LCNMessageModel.h; sourceTree = "<group>"; };
		6E19C2871DB6122600021B1B /* LCNMessageModel.m */ = {isa = PBXFileReference; fileEncoding = 4; lastKnownFileType = sourcecode.c.objc; path = LCNMessageModel.m; sourceTree = "<group>"; };
		6E19C2881DB6122600021B1B /* LCNMessageModelDelegate.h */ = {isa = PBXFileReference; fileEncoding = 4; lastKnownFileType = sourcecode.c.h; path = LCNMessageModelDelegate.h; sourceTree = "<group>"; };
		6E19C2981DB616BD00021B1B /* LCNCollectionViewDataSource.h */ = {isa = PBXFileReference; fileEncoding = 4; lastKnownFileType = sourcecode.c.h; path = LCNCollectionViewDataSource.h; sourceTree = "<group>"; };
		6E19C2991DB6171200021B1B /* LCNCollectionViewDelegate.h */ = {isa = PBXFileReference; fileEncoding = 4; lastKnownFileType = sourcecode.c.h; path = LCNCollectionViewDelegate.h; sourceTree = "<group>"; };
		6E19C29F1DB7603800021B1B /* YYFPSLabel.h */ = {isa = PBXFileReference; fileEncoding = 4; lastKnownFileType = sourcecode.c.h; path = YYFPSLabel.h; sourceTree = "<group>"; };
		6E19C2A01DB7603800021B1B /* YYFPSLabel.m */ = {isa = PBXFileReference; fileEncoding = 4; lastKnownFileType = sourcecode.c.objc; path = YYFPSLabel.m; sourceTree = "<group>"; };
		6E19C2A41DB7748800021B1B /* LCNCollectionViewCellDelegate.h */ = {isa = PBXFileReference; fileEncoding = 4; lastKnownFileType = sourcecode.c.h; path = LCNCollectionViewCellDelegate.h; sourceTree = "<group>"; };
		6E19C2A51DB7775400021B1B /* LCNImageMediaBubble.h */ = {isa = PBXFileReference; fileEncoding = 4; lastKnownFileType = sourcecode.c.h; path = LCNImageMediaBubble.h; sourceTree = "<group>"; };
		6E19C2A61DB7775400021B1B /* LCNImageMediaBubble.m */ = {isa = PBXFileReference; fileEncoding = 4; lastKnownFileType = sourcecode.c.objc; path = LCNImageMediaBubble.m; sourceTree = "<group>"; };
		6E19C2A81DB7B81000021B1B /* LCNAudioMediaBubble.h */ = {isa = PBXFileReference; fileEncoding = 4; lastKnownFileType = sourcecode.c.h; path = LCNAudioMediaBubble.h; sourceTree = "<group>"; };
		6E19C2A91DB7B81000021B1B /* LCNAudioMediaBubble.m */ = {isa = PBXFileReference; fileEncoding = 4; lastKnownFileType = sourcecode.c.objc; path = LCNAudioMediaBubble.m; sourceTree = "<group>"; };
		6E19C2AB1DB7B82600021B1B /* LCNVideoMediaBubble.h */ = {isa = PBXFileReference; fileEncoding = 4; lastKnownFileType = sourcecode.c.h; path = LCNVideoMediaBubble.h; sourceTree = "<group>"; };
		6E19C2AC1DB7B82600021B1B /* LCNVideoMediaBubble.m */ = {isa = PBXFileReference; fileEncoding = 4; lastKnownFileType = sourcecode.c.objc; path = LCNVideoMediaBubble.m; sourceTree = "<group>"; };
		6E19C2AE1DB7B8B000021B1B /* LCNLocationMediaBubble.h */ = {isa = PBXFileReference; fileEncoding = 4; lastKnownFileType = sourcecode.c.h; path = LCNLocationMediaBubble.h; sourceTree = "<group>"; };
		6E19C2AF1DB7B8B000021B1B /* LCNLocationMediaBubble.m */ = {isa = PBXFileReference; fileEncoding = 4; lastKnownFileType = sourcecode.c.objc; path = LCNLocationMediaBubble.m; sourceTree = "<group>"; };
		6E19C2B11DB7B93A00021B1B /* LCNContactMediaBubble.h */ = {isa = PBXFileReference; fileEncoding = 4; lastKnownFileType = sourcecode.c.h; path = LCNContactMediaBubble.h; sourceTree = "<group>"; };
		6E19C2B21DB7B93A00021B1B /* LCNContactMediaBubble.m */ = {isa = PBXFileReference; fileEncoding = 4; lastKnownFileType = sourcecode.c.objc; path = LCNContactMediaBubble.m; sourceTree = "<group>"; };
		6E19C2B41DB7B95800021B1B /* LCNShareMediaBubble.h */ = {isa = PBXFileReference; fileEncoding = 4; lastKnownFileType = sourcecode.c.h; path = LCNShareMediaBubble.h; sourceTree = "<group>"; };
		6E19C2B51DB7B95800021B1B /* LCNShareMediaBubble.m */ = {isa = PBXFileReference; fileEncoding = 4; lastKnownFileType = sourcecode.c.objc; path = LCNShareMediaBubble.m; sourceTree = "<group>"; };
		6E19C2B71DB7B97500021B1B /* LCNEmojiMedaiBubble.h */ = {isa = PBXFileReference; fileEncoding = 4; lastKnownFileType = sourcecode.c.h; path = LCNEmojiMedaiBubble.h; sourceTree = "<group>"; };
		6E19C2B81DB7B97500021B1B /* LCNEmojiMedaiBubble.m */ = {isa = PBXFileReference; fileEncoding = 4; lastKnownFileType = sourcecode.c.objc; path = LCNEmojiMedaiBubble.m; sourceTree = "<group>"; };
		6E19C3141DB9C91000021B1B /* LCNChatKit-Prefix.pch */ = {isa = PBXFileReference; lastKnownFileType = sourcecode.c.h; path = "LCNChatKit-Prefix.pch"; sourceTree = "<group>"; };
		6E19C3151DBA01C700021B1B /* LCNTextMediaBubble.h */ = {isa = PBXFileReference; fileEncoding = 4; lastKnownFileType = sourcecode.c.h; path = LCNTextMediaBubble.h; sourceTree = "<group>"; };
		6E19C3161DBA01C700021B1B /* LCNTextMediaBubble.m */ = {isa = PBXFileReference; fileEncoding = 4; lastKnownFileType = sourcecode.c.objc; path = LCNTextMediaBubble.m; sourceTree = "<group>"; };
		6E23EE331DD9985600F42336 /* TestViewController.h */ = {isa = PBXFileReference; fileEncoding = 4; lastKnownFileType = sourcecode.c.h; path = TestViewController.h; sourceTree = "<group>"; };
		6E23EE341DD9985600F42336 /* TestViewController.m */ = {isa = PBXFileReference; fileEncoding = 4; lastKnownFileType = sourcecode.c.objc; path = TestViewController.m; sourceTree = "<group>"; };
		6E35CAB41DD30538008393CE /* LCNInputBar.h */ = {isa = PBXFileReference; fileEncoding = 4; lastKnownFileType = sourcecode.c.h; path = LCNInputBar.h; sourceTree = "<group>"; };
		6E35CAB51DD30538008393CE /* LCNInputBar.m */ = {isa = PBXFileReference; fileEncoding = 4; lastKnownFileType = sourcecode.c.objc; path = LCNInputBar.m; sourceTree = "<group>"; };
		6E60D72D1DC09ED9004DCFF2 /* LCNMsgContentHelper.h */ = {isa = PBXFileReference; fileEncoding = 4; lastKnownFileType = sourcecode.c.h; path = LCNMsgContentHelper.h; sourceTree = "<group>"; };
		6E60D72E1DC09ED9004DCFF2 /* LCNMsgContentHelper.m */ = {isa = PBXFileReference; fileEncoding = 4; lastKnownFileType = sourcecode.c.objc; path = LCNMsgContentHelper.m; sourceTree = "<group>"; };
		6E89EA911DC9B492005EFAFD /* niconiconi@2x.gif */ = {isa = PBXFileReference; lastKnownFileType = image.gif; path = "niconiconi@2x.gif"; sourceTree = "<group>"; };
		6EAE637D1E1205890041EBF4 /* QuartzCore.framework */ = {isa = PBXFileReference; lastKnownFileType = wrapper.framework; name = QuartzCore.framework; path = System/Library/Frameworks/QuartzCore.framework; sourceTree = SDKROOT; };
		6EAE63841E1249470041EBF4 /* LCNInputBarFaceView.h */ = {isa = PBXFileReference; fileEncoding = 4; lastKnownFileType = sourcecode.c.h; path = LCNInputBarFaceView.h; sourceTree = "<group>"; };
		6EAE63851E1249470041EBF4 /* LCNInputBarFaceView.m */ = {isa = PBXFileReference; fileEncoding = 4; lastKnownFileType = sourcecode.c.objc; path = LCNInputBarFaceView.m; sourceTree = "<group>"; };
		6EAE63871E12495B0041EBF4 /* LCNInputBarMoreView.h */ = {isa = PBXFileReference; fileEncoding = 4; lastKnownFileType = sourcecode.c.h; path = LCNInputBarMoreView.h; sourceTree = "<group>"; };
		6EAE63881E12495B0041EBF4 /* LCNInputBarMoreView.m */ = {isa = PBXFileReference; fileEncoding = 4; lastKnownFileType = sourcecode.c.objc; path = LCNInputBarMoreView.m; sourceTree = "<group>"; };
		6EBA554C1DC18F2D00588039 /* LCNMsgHelper.h */ = {isa = PBXFileReference; fileEncoding = 4; lastKnownFileType = sourcecode.c.h; path = LCNMsgHelper.h; sourceTree = "<group>"; };
		6EBA554D1DC18F2D00588039 /* LCNMsgHelper.m */ = {isa = PBXFileReference; fileEncoding = 4; lastKnownFileType = sourcecode.c.objc; path = LCNMsgHelper.m; sourceTree = "<group>"; };
		6EBA56251DC8502200588039 /* test.jpg */ = {isa = PBXFileReference; lastKnownFileType = image.jpeg; path = test.jpg; sourceTree = "<group>"; };
		6EC0C67E1E4B6AD6002B7A4E /* LCNAudioManager.h */ = {isa = PBXFileReference; fileEncoding = 4; lastKnownFileType = sourcecode.c.h; path = LCNAudioManager.h; sourceTree = "<group>"; };
		6EC0C67F1E4B6AD6002B7A4E /* LCNAudioManager.m */ = {isa = PBXFileReference; fileEncoding = 4; lastKnownFileType = sourcecode.c.objc; path = LCNAudioManager.m; sourceTree = "<group>"; };
		6EC0C8DF1E4C92A6002B7A4E /* LCNAudioRecordDelegate.h */ = {isa = PBXFileReference; fileEncoding = 4; lastKnownFileType = sourcecode.c.h; path = LCNAudioRecordDelegate.h; sourceTree = "<group>"; };
		6EC0C8E01E4C97F9002B7A4E /* LCNAudioPlayDelegate.h */ = {isa = PBXFileReference; fileEncoding = 4; lastKnownFileType = sourcecode.c.h; path = LCNAudioPlayDelegate.h; sourceTree = "<group>"; };
		6EDCF0141DCA2C3A0021FC5C /* dots22.gif */ = {isa = PBXFileReference; lastKnownFileType = image.gif; path = dots22.gif; sourceTree = "<group>"; };
		6EDCF0251DCB75E80021FC5C /* DemoViewController.h */ = {isa = PBXFileReference; fileEncoding = 4; lastKnownFileType = sourcecode.c.h; path = DemoViewController.h; sourceTree = "<group>"; };
		6EDCF0261DCB75E80021FC5C /* DemoViewController.m */ = {isa = PBXFileReference; fileEncoding = 4; lastKnownFileType = sourcecode.c.objc; path = DemoViewController.m; sourceTree = "<group>"; };
		6EE1DC1C1DC9E94A00480A18 /* giphy.gif */ = {isa = PBXFileReference; lastKnownFileType = image.gif; path = giphy.gif; sourceTree = "<group>"; };
		6EFDF3F91E4863CE0063BA8C /* LCNRefreshView.h */ = {isa = PBXFileReference; fileEncoding = 4; lastKnownFileType = sourcecode.c.h; path = LCNRefreshView.h; sourceTree = "<group>"; };
		6EFDF3FA1E4863CE0063BA8C /* LCNRefreshView.m */ = {isa = PBXFileReference; fileEncoding = 4; lastKnownFileType = sourcecode.c.objc; path = LCNRefreshView.m; sourceTree = "<group>"; };
		C3D92FEE436CC2D0F01296A9 /* libPods-LCNChatKit.a */ = {isa = PBXFileReference; explicitFileType = archive.ar; includeInIndex = 0; path = "libPods-LCNChatKit.a"; sourceTree = BUILT_PRODUCTS_DIR; };
/* End PBXFileReference section */

/* Begin PBXFrameworksBuildPhase section */
		6E19C23B1DB611F800021B1B /* Frameworks */ = {
			isa = PBXFrameworksBuildPhase;
			buildActionMask = 2147483647;
			files = (
				6EAE637E1E1205890041EBF4 /* QuartzCore.framework in Frameworks */,
				6E06DD3C1EB0982D001EF166 /* libopencore-amrnb.a in Frameworks */,
				6E06DD3D1EB0982D001EF166 /* libopencore-amrwb.a in Frameworks */,
				BC68B187316B7B7D60F8B32B /* libPods-LCNChatKit.a in Frameworks */,
			);
			runOnlyForDeploymentPostprocessing = 0;
		};
		6E19C2541DB611F800021B1B /* Frameworks */ = {
			isa = PBXFrameworksBuildPhase;
			buildActionMask = 2147483647;
			files = (
			);
			runOnlyForDeploymentPostprocessing = 0;
		};
		6E19C25F1DB611F800021B1B /* Frameworks */ = {
			isa = PBXFrameworksBuildPhase;
			buildActionMask = 2147483647;
			files = (
			);
			runOnlyForDeploymentPostprocessing = 0;
		};
/* End PBXFrameworksBuildPhase section */

/* Begin PBXGroup section */
		6E06DD2C1EB09808001EF166 /* Utils */ = {
			isa = PBXGroup;
			children = (
				6E06DD481EB098F4001EF166 /* Toast */,
				6E06DD401EB09840001EF166 /* VoiceConvert */,
				6E06DD311EB0982D001EF166 /* LCNUtils.h */,
				6E06DD321EB0982D001EF166 /* LCNUtils.m */,
			);
			name = Utils;
			sourceTree = "<group>";
		};
		6E06DD401EB09840001EF166 /* VoiceConvert */ = {
			isa = PBXGroup;
			children = (
				6E06DD2F1EB0982D001EF166 /* EMVoiceConverter.h */,
				6E06DD301EB0982D001EF166 /* EMVoiceConverter.mm */,
				6E06DD451EB0989A001EF166 /* opencore-amrwb */,
				6E06DD421EB0985C001EF166 /* opencore-amrnb */,
				6E06DD411EB09849001EF166 /* amrwapper */,
			);
			name = VoiceConvert;
			sourceTree = "<group>";
		};
		6E06DD411EB09849001EF166 /* amrwapper */ = {
			isa = PBXGroup;
			children = (
				6E06DD371EB0982D001EF166 /* wav.h */,
				6E06DD381EB0982D001EF166 /* wav.mm */,
				6E06DD2D1EB0982D001EF166 /* amrFileCodec.h */,
				6E06DD2E1EB0982D001EF166 /* amrFileCodec.mm */,
			);
			name = amrwapper;
			sourceTree = "<group>";
		};
		6E06DD421EB0985C001EF166 /* opencore-amrnb */ = {
			isa = PBXGroup;
			children = (
				6E06DD431EB09877001EF166 /* interf_dec.h */,
				6E06DD441EB09877001EF166 /* interf_enc.h */,
				6E06DD331EB0982D001EF166 /* libopencore-amrnb.a */,
			);
			name = "opencore-amrnb";
			sourceTree = "<group>";
		};
		6E06DD451EB0989A001EF166 /* opencore-amrwb */ = {
			isa = PBXGroup;
			children = (
				6E06DD461EB098B2001EF166 /* dec_if.h */,
				6E06DD471EB098B2001EF166 /* if_rom.h */,
				6E06DD341EB0982D001EF166 /* libopencore-amrwb.a */,
			);
			name = "opencore-amrwb";
			sourceTree = "<group>";
		};
		6E06DD481EB098F4001EF166 /* Toast */ = {
			isa = PBXGroup;
			children = (
				6E06DD351EB0982D001EF166 /* UIView+Toast.h */,
				6E06DD361EB0982D001EF166 /* UIView+Toast.m */,
			);
			name = Toast;
			sourceTree = "<group>";
		};
		6E0EB9B01DBF54870050DF58 /* Helper */ = {
			isa = PBXGroup;
			children = (
				6EBA554C1DC18F2D00588039 /* LCNMsgHelper.h */,
				6EBA554D1DC18F2D00588039 /* LCNMsgHelper.m */,
				6E60D72D1DC09ED9004DCFF2 /* LCNMsgContentHelper.h */,
				6E60D72E1DC09ED9004DCFF2 /* LCNMsgContentHelper.m */,
				6E0EB9B11DBF54A80050DF58 /* LCNMsgBubbleMaskMaker.h */,
				6E0EB9B21DBF54A80050DF58 /* LCNMsgBubbleMaskMaker.m */,
			);
			name = Helper;
			sourceTree = "<group>";
		};
		6E19C2351DB611F800021B1B = {
			isa = PBXGroup;
			children = (
				6E19C2401DB611F800021B1B /* LCNChatKit */,
				6E19C25A1DB611F800021B1B /* LCNChatKitTests */,
				6E19C2651DB611F800021B1B /* LCNChatKitUITests */,
				6E19C23F1DB611F800021B1B /* Products */,
				BD0856F054D081C81A2D5575 /* Frameworks */,
				971F30DC6FE07632822F213F /* Pods */,
			);
			sourceTree = "<group>";
		};
		6E19C23F1DB611F800021B1B /* Products */ = {
			isa = PBXGroup;
			children = (
				6E19C23E1DB611F800021B1B /* LCNChatKit.app */,
				6E19C2571DB611F800021B1B /* LCNChatKitTests.xctest */,
				6E19C2621DB611F800021B1B /* LCNChatKitUITests.xctest */,
			);
			name = Products;
			sourceTree = "<group>";
		};
		6E19C2401DB611F800021B1B /* LCNChatKit */ = {
			isa = PBXGroup;
			children = (
				6E19C2741DB6122600021B1B /* LCNChatKit.h */,
				6E19C3141DB9C91000021B1B /* LCNChatKit-Prefix.pch */,
				6E06DCF41EB0745F001EF166 /* LCNConfig.h */,
				6E06DD2C1EB09808001EF166 /* Utils */,
				6E19C2971DB6145E00021B1B /* LCNChatDemo */,
				6EC0C67D1E4B6A9E002B7A4E /* Manager */,
				6E28CDA61E4B0DE4000CA101 /* VC */,
				6E19C2961DB613DC00021B1B /* Views */,
				6E19C2951DB613DA00021B1B /* Models */,
				6E0EB9B01DBF54870050DF58 /* Helper */,
				6E19C2941DB613D800021B1B /* Protocols */,
				6E19C2931DB613D500021B1B /* Layouts */,
				6E19C2411DB611F800021B1B /* Supporting Files */,
			);
			path = LCNChatKit;
			sourceTree = "<group>";
		};
		6E19C2411DB611F800021B1B /* Supporting Files */ = {
			isa = PBXGroup;
			children = (
				6EDCF0141DCA2C3A0021FC5C /* dots22.gif */,
				6EE1DC1C1DC9E94A00480A18 /* giphy.gif */,
				6E89EA911DC9B492005EFAFD /* niconiconi@2x.gif */,
				6E19C24A1DB611F800021B1B /* Main.storyboard */,
				6E19C24D1DB611F800021B1B /* Assets.xcassets */,
				6E19C24F1DB611F800021B1B /* LaunchScreen.storyboard */,
				6E19C2521DB611F800021B1B /* Info.plist */,
				6E19C2421DB611F800021B1B /* main.m */,
				6EBA56251DC8502200588039 /* test.jpg */,
			);
			name = "Supporting Files";
			sourceTree = "<group>";
		};
		6E19C25A1DB611F800021B1B /* LCNChatKitTests */ = {
			isa = PBXGroup;
			children = (
				6E19C25B1DB611F800021B1B /* LCNChatKitTests.m */,
				6E19C25D1DB611F800021B1B /* Info.plist */,
			);
			path = LCNChatKitTests;
			sourceTree = "<group>";
		};
		6E19C2651DB611F800021B1B /* LCNChatKitUITests */ = {
			isa = PBXGroup;
			children = (
				6E19C2661DB611F800021B1B /* LCNChatKitUITests.m */,
				6E19C2681DB611F800021B1B /* Info.plist */,
			);
			path = LCNChatKitUITests;
			sourceTree = "<group>";
		};
		6E19C2931DB613D500021B1B /* Layouts */ = {
			isa = PBXGroup;
			children = (
				6E19C2841DB6122600021B1B /* LCNMessageLayout.h */,
				6E19C2851DB6122600021B1B /* LCNMessageLayout.m */,
				6E19C27D1DB6122600021B1B /* LCNCollectionViewLayoutAttributes.h */,
				6E19C27E1DB6122600021B1B /* LCNCollectionViewLayoutAttributes.m */,
				6E19C2791DB6122600021B1B /* LCNCollectionViewFlowLayout.h */,
				6E19C27A1DB6122600021B1B /* LCNCollectionViewFlowLayout.m */,
			);
			name = Layouts;
			sourceTree = "<group>";
		};
		6E19C2941DB613D800021B1B /* Protocols */ = {
			isa = PBXGroup;
			children = (
				6EC0C8DE1E4C83EA002B7A4E /* AudioProtocol */,
				6EC0C67C1E4B69D1002B7A4E /* CollectionViewProtocol */,
				6EC0C67B1E4B69B0002B7A4E /* ModelProtocols */,
			);
			name = Protocols;
			sourceTree = "<group>";
		};
		6E19C2951DB613DA00021B1B /* Models */ = {
			isa = PBXGroup;
			children = (
				6E19C2861DB6122600021B1B /* LCNMessageModel.h */,
				6E19C2871DB6122600021B1B /* LCNMessageModel.m */,
			);
			name = Models;
			sourceTree = "<group>";
		};
		6E19C2961DB613DC00021B1B /* Views */ = {
			isa = PBXGroup;
			children = (
				6E19C29F1DB7603800021B1B /* YYFPSLabel.h */,
				6E19C2A01DB7603800021B1B /* YYFPSLabel.m */,
				6E06DA351EADA6DA001EF166 /* YYPhotoGroupView.h */,
				6E06DA361EADA6DA001EF166 /* YYPhotoGroupView.m */,
				6E19C2751DB6122600021B1B /* LCNCollectionView.h */,
				6E19C2761DB6122600021B1B /* LCNCollectionView.m */,
				6E35CAB71DD3053D008393CE /* InputBar */,
				6E89EA901DC9B14E005EFAFD /* CollectionViewCell */,
				6E89EA8F1DC98E66005EFAFD /* MediaBubble */,
			);
			name = Views;
			sourceTree = "<group>";
		};
		6E19C2971DB6145E00021B1B /* LCNChatDemo */ = {
			isa = PBXGroup;
			children = (
				6E19C2441DB611F800021B1B /* AppDelegate.h */,
				6E19C2451DB611F800021B1B /* AppDelegate.m */,
				6E23EE331DD9985600F42336 /* TestViewController.h */,
				6E23EE341DD9985600F42336 /* TestViewController.m */,
				6EDCF0251DCB75E80021FC5C /* DemoViewController.h */,
				6EDCF0261DCB75E80021FC5C /* DemoViewController.m */,
			);
			name = LCNChatDemo;
			sourceTree = "<group>";
		};
		6E28CDA61E4B0DE4000CA101 /* VC */ = {
			isa = PBXGroup;
			children = (
				6E19C2471DB611F800021B1B /* LCNChatKitViewController.h */,
				6E19C2481DB611F800021B1B /* LCNChatKitViewController.m */,
			);
			name = VC;
			sourceTree = "<group>";
		};
		6E35CAB71DD3053D008393CE /* InputBar */ = {
			isa = PBXGroup;
			children = (
				6EAE63831E1249170041EBF4 /* InputBarViews */,
				6E35CAB41DD30538008393CE /* LCNInputBar.h */,
				6E35CAB51DD30538008393CE /* LCNInputBar.m */,
			);
			name = InputBar;
			sourceTree = "<group>";
		};
		6E89EA8F1DC98E66005EFAFD /* MediaBubble */ = {
			isa = PBXGroup;
			children = (
				6E19C2811DB6122600021B1B /* LCNMediaBubble.h */,
				6E19C2821DB6122600021B1B /* LCNMediaBubble.m */,
				6E19C3151DBA01C700021B1B /* LCNTextMediaBubble.h */,
				6E19C3161DBA01C700021B1B /* LCNTextMediaBubble.m */,
				6E19C2B71DB7B97500021B1B /* LCNEmojiMedaiBubble.h */,
				6E19C2B81DB7B97500021B1B /* LCNEmojiMedaiBubble.m */,
				6E19C2A51DB7775400021B1B /* LCNImageMediaBubble.h */,
				6E19C2A61DB7775400021B1B /* LCNImageMediaBubble.m */,
				6E19C2A81DB7B81000021B1B /* LCNAudioMediaBubble.h */,
				6E19C2A91DB7B81000021B1B /* LCNAudioMediaBubble.m */,
				6E19C2AB1DB7B82600021B1B /* LCNVideoMediaBubble.h */,
				6E19C2AC1DB7B82600021B1B /* LCNVideoMediaBubble.m */,
				6E19C2AE1DB7B8B000021B1B /* LCNLocationMediaBubble.h */,
				6E19C2AF1DB7B8B000021B1B /* LCNLocationMediaBubble.m */,
				6E19C2B11DB7B93A00021B1B /* LCNContactMediaBubble.h */,
				6E19C2B21DB7B93A00021B1B /* LCNContactMediaBubble.m */,
				6E19C2B41DB7B95800021B1B /* LCNShareMediaBubble.h */,
				6E19C2B51DB7B95800021B1B /* LCNShareMediaBubble.m */,
			);
			name = MediaBubble;
			sourceTree = "<group>";
		};
		6E89EA901DC9B14E005EFAFD /* CollectionViewCell */ = {
			isa = PBXGroup;
			children = (
				6EFDF3F91E4863CE0063BA8C /* LCNRefreshView.h */,
				6EFDF3FA1E4863CE0063BA8C /* LCNRefreshView.m */,
				6E19C2771DB6122600021B1B /* LCNCollectionViewCell.h */,
				6E19C2781DB6122600021B1B /* LCNCollectionViewCell.m */,
				6E19C27B1DB6122600021B1B /* LCNCollectionViewIncomingCell.h */,
				6E19C27C1DB6122600021B1B /* LCNCollectionViewIncomingCell.m */,
				6E19C27F1DB6122600021B1B /* LCNCollectionViewOutgoingCell.h */,
				6E19C2801DB6122600021B1B /* LCNCollectionViewOutgoingCell.m */,
			);
			name = CollectionViewCell;
			sourceTree = "<group>";
		};
		6EAE63831E1249170041EBF4 /* InputBarViews */ = {
			isa = PBXGroup;
			children = (
				6EAE63841E1249470041EBF4 /* LCNInputBarFaceView.h */,
				6EAE63851E1249470041EBF4 /* LCNInputBarFaceView.m */,
				6EAE63871E12495B0041EBF4 /* LCNInputBarMoreView.h */,
				6EAE63881E12495B0041EBF4 /* LCNInputBarMoreView.m */,
			);
			name = InputBarViews;
			sourceTree = "<group>";
		};
		6EC0C67B1E4B69B0002B7A4E /* ModelProtocols */ = {
			isa = PBXGroup;
			children = (
				6E19C2831DB6122600021B1B /* LCNMediaBubbleDelegate.h */,
				6E19C2881DB6122600021B1B /* LCNMessageModelDelegate.h */,
			);
			name = ModelProtocols;
			sourceTree = "<group>";
		};
		6EC0C67C1E4B69D1002B7A4E /* CollectionViewProtocol */ = {
			isa = PBXGroup;
			children = (
				6E19C2981DB616BD00021B1B /* LCNCollectionViewDataSource.h */,
				6E19C2991DB6171200021B1B /* LCNCollectionViewDelegate.h */,
				6E19C2A41DB7748800021B1B /* LCNCollectionViewCellDelegate.h */,
			);
			name = CollectionViewProtocol;
			sourceTree = "<group>";
		};
		6EC0C67D1E4B6A9E002B7A4E /* Manager */ = {
			isa = PBXGroup;
			children = (
				6EC0C67E1E4B6AD6002B7A4E /* LCNAudioManager.h */,
				6EC0C67F1E4B6AD6002B7A4E /* LCNAudioManager.m */,
				6E06DCDA1EAEED89001EF166 /* LCNDeviceManager.h */,
				6E06DCDB1EAEED89001EF166 /* LCNDeviceManager.m */,
			);
			name = Manager;
			sourceTree = "<group>";
		};
		6EC0C8DE1E4C83EA002B7A4E /* AudioProtocol */ = {
			isa = PBXGroup;
			children = (
				6EC0C8DF1E4C92A6002B7A4E /* LCNAudioRecordDelegate.h */,
				6EC0C8E01E4C97F9002B7A4E /* LCNAudioPlayDelegate.h */,
			);
			name = AudioProtocol;
			sourceTree = "<group>";
		};
		971F30DC6FE07632822F213F /* Pods */ = {
			isa = PBXGroup;
			children = (
				3AA0E421CFF339F35D186A07 /* Pods-LCNChatKit.debug.xcconfig */,
				664A8137201E41CB75DB0D84 /* Pods-LCNChatKit.release.xcconfig */,
			);
			name = Pods;
			sourceTree = "<group>";
		};
		BD0856F054D081C81A2D5575 /* Frameworks */ = {
			isa = PBXGroup;
			children = (
				6EAE637D1E1205890041EBF4 /* QuartzCore.framework */,
				C3D92FEE436CC2D0F01296A9 /* libPods-LCNChatKit.a */,
			);
			name = Frameworks;
			sourceTree = "<group>";
		};
/* End PBXGroup section */

/* Begin PBXNativeTarget section */
		6E19C23D1DB611F800021B1B /* LCNChatKit */ = {
			isa = PBXNativeTarget;
			buildConfigurationList = 6E19C26B1DB611F800021B1B /* Build configuration list for PBXNativeTarget "LCNChatKit" */;
			buildPhases = (
				9C7549BB6C25702FE1EF12FD /* [CP] Check Pods Manifest.lock */,
				6E19C23A1DB611F800021B1B /* Sources */,
				6E19C23B1DB611F800021B1B /* Frameworks */,
				6E19C23C1DB611F800021B1B /* Resources */,
				9CE990CC762B2D641C4E2BFA /* [CP] Embed Pods Frameworks */,
				474162ABF4C69A33C54348C7 /* [CP] Copy Pods Resources */,
			);
			buildRules = (
			);
			dependencies = (
			);
			name = LCNChatKit;
			productName = LCNChatKit;
			productReference = 6E19C23E1DB611F800021B1B /* LCNChatKit.app */;
			productType = "com.apple.product-type.application";
		};
		6E19C2561DB611F800021B1B /* LCNChatKitTests */ = {
			isa = PBXNativeTarget;
			buildConfigurationList = 6E19C26E1DB611F800021B1B /* Build configuration list for PBXNativeTarget "LCNChatKitTests" */;
			buildPhases = (
				6E19C2531DB611F800021B1B /* Sources */,
				6E19C2541DB611F800021B1B /* Frameworks */,
				6E19C2551DB611F800021B1B /* Resources */,
			);
			buildRules = (
			);
			dependencies = (
				6E19C2591DB611F800021B1B /* PBXTargetDependency */,
			);
			name = LCNChatKitTests;
			productName = LCNChatKitTests;
			productReference = 6E19C2571DB611F800021B1B /* LCNChatKitTests.xctest */;
			productType = "com.apple.product-type.bundle.unit-test";
		};
		6E19C2611DB611F800021B1B /* LCNChatKitUITests */ = {
			isa = PBXNativeTarget;
			buildConfigurationList = 6E19C2711DB611F800021B1B /* Build configuration list for PBXNativeTarget "LCNChatKitUITests" */;
			buildPhases = (
				6E19C25E1DB611F800021B1B /* Sources */,
				6E19C25F1DB611F800021B1B /* Frameworks */,
				6E19C2601DB611F800021B1B /* Resources */,
			);
			buildRules = (
			);
			dependencies = (
				6E19C2641DB611F800021B1B /* PBXTargetDependency */,
			);
			name = LCNChatKitUITests;
			productName = LCNChatKitUITests;
			productReference = 6E19C2621DB611F800021B1B /* LCNChatKitUITests.xctest */;
			productType = "com.apple.product-type.bundle.ui-testing";
		};
/* End PBXNativeTarget section */

/* Begin PBXProject section */
		6E19C2361DB611F800021B1B /* Project object */ = {
			isa = PBXProject;
			attributes = {
				LastUpgradeCheck = 0800;
				ORGANIZATIONNAME = enrecul;
				TargetAttributes = {
					6E19C23D1DB611F800021B1B = {
						CreatedOnToolsVersion = 8.0;
						DevelopmentTeam = 6K9HLYD652;
						ProvisioningStyle = Automatic;
					};
					6E19C2561DB611F800021B1B = {
						CreatedOnToolsVersion = 8.0;
						DevelopmentTeam = 6K9HLYD652;
						ProvisioningStyle = Automatic;
						TestTargetID = 6E19C23D1DB611F800021B1B;
					};
					6E19C2611DB611F800021B1B = {
						CreatedOnToolsVersion = 8.0;
						DevelopmentTeam = 6K9HLYD652;
						ProvisioningStyle = Automatic;
						TestTargetID = 6E19C23D1DB611F800021B1B;
					};
				};
			};
			buildConfigurationList = 6E19C2391DB611F800021B1B /* Build configuration list for PBXProject "LCNChatKit" */;
			compatibilityVersion = "Xcode 3.2";
			developmentRegion = English;
			hasScannedForEncodings = 0;
			knownRegions = (
				en,
				Base,
			);
			mainGroup = 6E19C2351DB611F800021B1B;
			productRefGroup = 6E19C23F1DB611F800021B1B /* Products */;
			projectDirPath = "";
			projectRoot = "";
			targets = (
				6E19C23D1DB611F800021B1B /* LCNChatKit */,
				6E19C2561DB611F800021B1B /* LCNChatKitTests */,
				6E19C2611DB611F800021B1B /* LCNChatKitUITests */,
			);
		};
/* End PBXProject section */

/* Begin PBXResourcesBuildPhase section */
		6E19C23C1DB611F800021B1B /* Resources */ = {
			isa = PBXResourcesBuildPhase;
			buildActionMask = 2147483647;
			files = (
				6E19C2511DB611F800021B1B /* LaunchScreen.storyboard in Resources */,
				6EBA56261DC8502200588039 /* test.jpg in Resources */,
				6EDCF0151DCA2C3A0021FC5C /* dots22.gif in Resources */,
				6E19C24E1DB611F800021B1B /* Assets.xcassets in Resources */,
				6E19C24C1DB611F800021B1B /* Main.storyboard in Resources */,
				6EE1DC1D1DC9E94A00480A18 /* giphy.gif in Resources */,
				6E89EA921DC9B492005EFAFD /* niconiconi@2x.gif in Resources */,
			);
			runOnlyForDeploymentPostprocessing = 0;
		};
		6E19C2551DB611F800021B1B /* Resources */ = {
			isa = PBXResourcesBuildPhase;
			buildActionMask = 2147483647;
			files = (
			);
			runOnlyForDeploymentPostprocessing = 0;
		};
		6E19C2601DB611F800021B1B /* Resources */ = {
			isa = PBXResourcesBuildPhase;
			buildActionMask = 2147483647;
			files = (
			);
			runOnlyForDeploymentPostprocessing = 0;
		};
/* End PBXResourcesBuildPhase section */

/* Begin PBXShellScriptBuildPhase section */
		474162ABF4C69A33C54348C7 /* [CP] Copy Pods Resources */ = {
			isa = PBXShellScriptBuildPhase;
			buildActionMask = 2147483647;
			files = (
			);
			inputPaths = (
			);
			name = "[CP] Copy Pods Resources";
			outputPaths = (
			);
			runOnlyForDeploymentPostprocessing = 0;
			shellPath = /bin/sh;
			shellScript = "\"${SRCROOT}/Pods/Target Support Files/Pods-LCNChatKit/Pods-LCNChatKit-resources.sh\"\n";
			showEnvVarsInLog = 0;
		};
		9C7549BB6C25702FE1EF12FD /* [CP] Check Pods Manifest.lock */ = {
			isa = PBXShellScriptBuildPhase;
			buildActionMask = 2147483647;
			files = (
			);
			inputPaths = (
			);
			name = "[CP] Check Pods Manifest.lock";
			outputPaths = (
			);
			runOnlyForDeploymentPostprocessing = 0;
			shellPath = /bin/sh;
			shellScript = "diff \"${PODS_ROOT}/../Podfile.lock\" \"${PODS_ROOT}/Manifest.lock\" > /dev/null\nif [ $? != 0 ] ; then\n    # print error to STDERR\n    echo \"error: The sandbox is not in sync with the Podfile.lock. Run 'pod install' or update your CocoaPods installation.\" >&2\n    exit 1\nfi\n";
			showEnvVarsInLog = 0;
		};
		9CE990CC762B2D641C4E2BFA /* [CP] Embed Pods Frameworks */ = {
			isa = PBXShellScriptBuildPhase;
			buildActionMask = 2147483647;
			files = (
			);
			inputPaths = (
			);
			name = "[CP] Embed Pods Frameworks";
			outputPaths = (
			);
			runOnlyForDeploymentPostprocessing = 0;
			shellPath = /bin/sh;
			shellScript = "\"${SRCROOT}/Pods/Target Support Files/Pods-LCNChatKit/Pods-LCNChatKit-frameworks.sh\"\n";
			showEnvVarsInLog = 0;
		};
/* End PBXShellScriptBuildPhase section */

/* Begin PBXSourcesBuildPhase section */
		6E19C23A1DB611F800021B1B /* Sources */ = {
			isa = PBXSourcesBuildPhase;
			buildActionMask = 2147483647;
			files = (
				6EAE63891E12495B0041EBF4 /* LCNInputBarMoreView.m in Sources */,
				6E06DD3E1EB0982D001EF166 /* UIView+Toast.m in Sources */,
				6E0EB9B31DBF54A80050DF58 /* LCNMsgBubbleMaskMaker.m in Sources */,
				6EFDF3FB1E4863CE0063BA8C /* LCNRefreshView.m in Sources */,
				6E19C28B1DB6122600021B1B /* LCNCollectionViewFlowLayout.m in Sources */,
				6E23EE351DD9985600F42336 /* TestViewController.m in Sources */,
				6E19C2AD1DB7B82600021B1B /* LCNVideoMediaBubble.m in Sources */,
				6E19C2491DB611F800021B1B /* LCNChatKitViewController.m in Sources */,
				6E06DD3B1EB0982D001EF166 /* LCNUtils.m in Sources */,
				6E19C28A1DB6122600021B1B /* LCNCollectionViewCell.m in Sources */,
				6EC0C6801E4B6AD6002B7A4E /* LCNAudioManager.m in Sources */,
				6E19C28C1DB6122600021B1B /* LCNCollectionViewIncomingCell.m in Sources */,
				6E19C2461DB611F800021B1B /* AppDelegate.m in Sources */,
				6E35CAB61DD30538008393CE /* LCNInputBar.m in Sources */,
				6E19C2B61DB7B95800021B1B /* LCNShareMediaBubble.m in Sources */,
				6E19C2891DB6122600021B1B /* LCNCollectionView.m in Sources */,
				6E06DD3A1EB0982D001EF166 /* EMVoiceConverter.mm in Sources */,
				6E19C2431DB611F800021B1B /* main.m in Sources */,
				6E60D72F1DC09ED9004DCFF2 /* LCNMsgContentHelper.m in Sources */,
				6E19C2A71DB7775400021B1B /* LCNImageMediaBubble.m in Sources */,
				6E06DA371EADA6DA001EF166 /* YYPhotoGroupView.m in Sources */,
				6E19C2901DB6122600021B1B /* LCNMessageLayout.m in Sources */,
				6E19C2B31DB7B93A00021B1B /* LCNContactMediaBubble.m in Sources */,
				6E06DCDC1EAEED89001EF166 /* LCNDeviceManager.m in Sources */,
				6E06DD3F1EB0982D001EF166 /* wav.mm in Sources */,
				6E19C2AA1DB7B81000021B1B /* LCNAudioMediaBubble.m in Sources */,
				6EAE63861E1249470041EBF4 /* LCNInputBarFaceView.m in Sources */,
				6E19C2B01DB7B8B000021B1B /* LCNLocationMediaBubble.m in Sources */,
				6EDCF0271DCB75E80021FC5C /* DemoViewController.m in Sources */,
				6E06DD391EB0982D001EF166 /* amrFileCodec.mm in Sources */,
				6E19C2B91DB7B97500021B1B /* LCNEmojiMedaiBubble.m in Sources */,
				6E19C28F1DB6122600021B1B /* LCNMediaBubble.m in Sources */,
				6E19C2A11DB7603800021B1B /* YYFPSLabel.m in Sources */,
				6E19C28E1DB6122600021B1B /* LCNCollectionViewOutgoingCell.m in Sources */,
				6E19C28D1DB6122600021B1B /* LCNCollectionViewLayoutAttributes.m in Sources */,
				6EBA554E1DC18F2D00588039 /* LCNMsgHelper.m in Sources */,
				6E19C2911DB6122600021B1B /* LCNMessageModel.m in Sources */,
				6E19C3171DBA01C700021B1B /* LCNTextMediaBubble.m in Sources */,
			);
			runOnlyForDeploymentPostprocessing = 0;
		};
		6E19C2531DB611F800021B1B /* Sources */ = {
			isa = PBXSourcesBuildPhase;
			buildActionMask = 2147483647;
			files = (
				6E19C25C1DB611F800021B1B /* LCNChatKitTests.m in Sources */,
			);
			runOnlyForDeploymentPostprocessing = 0;
		};
		6E19C25E1DB611F800021B1B /* Sources */ = {
			isa = PBXSourcesBuildPhase;
			buildActionMask = 2147483647;
			files = (
				6E19C2671DB611F800021B1B /* LCNChatKitUITests.m in Sources */,
			);
			runOnlyForDeploymentPostprocessing = 0;
		};
/* End PBXSourcesBuildPhase section */

/* Begin PBXTargetDependency section */
		6E19C2591DB611F800021B1B /* PBXTargetDependency */ = {
			isa = PBXTargetDependency;
			target = 6E19C23D1DB611F800021B1B /* LCNChatKit */;
			targetProxy = 6E19C2581DB611F800021B1B /* PBXContainerItemProxy */;
		};
		6E19C2641DB611F800021B1B /* PBXTargetDependency */ = {
			isa = PBXTargetDependency;
			target = 6E19C23D1DB611F800021B1B /* LCNChatKit */;
			targetProxy = 6E19C2631DB611F800021B1B /* PBXContainerItemProxy */;
		};
/* End PBXTargetDependency section */

/* Begin PBXVariantGroup section */
		6E19C24A1DB611F800021B1B /* Main.storyboard */ = {
			isa = PBXVariantGroup;
			children = (
				6E19C24B1DB611F800021B1B /* Base */,
			);
			name = Main.storyboard;
			sourceTree = "<group>";
		};
		6E19C24F1DB611F800021B1B /* LaunchScreen.storyboard */ = {
			isa = PBXVariantGroup;
			children = (
				6E19C2501DB611F800021B1B /* Base */,
			);
			name = LaunchScreen.storyboard;
			sourceTree = "<group>";
		};
/* End PBXVariantGroup section */

/* Begin XCBuildConfiguration section */
		6E19C2691DB611F800021B1B /* Debug */ = {
			isa = XCBuildConfiguration;
			buildSettings = {
				ALWAYS_SEARCH_USER_PATHS = NO;
				CLANG_ANALYZER_NONNULL = YES;
				CLANG_CXX_LANGUAGE_STANDARD = "gnu++0x";
				CLANG_CXX_LIBRARY = "libc++";
				CLANG_ENABLE_MODULES = YES;
				CLANG_ENABLE_OBJC_ARC = YES;
				CLANG_WARN_BOOL_CONVERSION = YES;
				CLANG_WARN_CONSTANT_CONVERSION = YES;
				CLANG_WARN_DIRECT_OBJC_ISA_USAGE = YES_ERROR;
				CLANG_WARN_DOCUMENTATION_COMMENTS = YES;
				CLANG_WARN_EMPTY_BODY = YES;
				CLANG_WARN_ENUM_CONVERSION = YES;
				CLANG_WARN_INFINITE_RECURSION = YES;
				CLANG_WARN_INT_CONVERSION = YES;
				CLANG_WARN_OBJC_ROOT_CLASS = YES_ERROR;
				CLANG_WARN_SUSPICIOUS_MOVES = YES;
				CLANG_WARN_UNREACHABLE_CODE = YES;
				CLANG_WARN__DUPLICATE_METHOD_MATCH = YES;
				"CODE_SIGN_IDENTITY[sdk=iphoneos*]" = "iPhone Developer";
				COPY_PHASE_STRIP = NO;
				DEBUG_INFORMATION_FORMAT = dwarf;
				ENABLE_STRICT_OBJC_MSGSEND = YES;
				ENABLE_TESTABILITY = YES;
				GCC_C_LANGUAGE_STANDARD = gnu99;
				GCC_DYNAMIC_NO_PIC = NO;
				GCC_NO_COMMON_BLOCKS = YES;
				GCC_OPTIMIZATION_LEVEL = 0;
				GCC_PREPROCESSOR_DEFINITIONS = (
					"DEBUG=1",
					"$(inherited)",
				);
				GCC_WARN_64_TO_32_BIT_CONVERSION = YES;
				GCC_WARN_ABOUT_RETURN_TYPE = YES_ERROR;
				GCC_WARN_UNDECLARED_SELECTOR = YES;
				GCC_WARN_UNINITIALIZED_AUTOS = YES_AGGRESSIVE;
				GCC_WARN_UNUSED_FUNCTION = YES;
				GCC_WARN_UNUSED_VARIABLE = YES;
				IPHONEOS_DEPLOYMENT_TARGET = 10.0;
				MTL_ENABLE_DEBUG_INFO = YES;
				ONLY_ACTIVE_ARCH = YES;
				SDKROOT = iphoneos;
				TARGETED_DEVICE_FAMILY = "1,2";
			};
			name = Debug;
		};
		6E19C26A1DB611F800021B1B /* Release */ = {
			isa = XCBuildConfiguration;
			buildSettings = {
				ALWAYS_SEARCH_USER_PATHS = NO;
				CLANG_ANALYZER_NONNULL = YES;
				CLANG_CXX_LANGUAGE_STANDARD = "gnu++0x";
				CLANG_CXX_LIBRARY = "libc++";
				CLANG_ENABLE_MODULES = YES;
				CLANG_ENABLE_OBJC_ARC = YES;
				CLANG_WARN_BOOL_CONVERSION = YES;
				CLANG_WARN_CONSTANT_CONVERSION = YES;
				CLANG_WARN_DIRECT_OBJC_ISA_USAGE = YES_ERROR;
				CLANG_WARN_DOCUMENTATION_COMMENTS = YES;
				CLANG_WARN_EMPTY_BODY = YES;
				CLANG_WARN_ENUM_CONVERSION = YES;
				CLANG_WARN_INFINITE_RECURSION = YES;
				CLANG_WARN_INT_CONVERSION = YES;
				CLANG_WARN_OBJC_ROOT_CLASS = YES_ERROR;
				CLANG_WARN_SUSPICIOUS_MOVES = YES;
				CLANG_WARN_UNREACHABLE_CODE = YES;
				CLANG_WARN__DUPLICATE_METHOD_MATCH = YES;
				"CODE_SIGN_IDENTITY[sdk=iphoneos*]" = "iPhone Developer";
				COPY_PHASE_STRIP = NO;
				DEBUG_INFORMATION_FORMAT = "dwarf-with-dsym";
				ENABLE_NS_ASSERTIONS = NO;
				ENABLE_STRICT_OBJC_MSGSEND = YES;
				GCC_C_LANGUAGE_STANDARD = gnu99;
				GCC_NO_COMMON_BLOCKS = YES;
				GCC_WARN_64_TO_32_BIT_CONVERSION = YES;
				GCC_WARN_ABOUT_RETURN_TYPE = YES_ERROR;
				GCC_WARN_UNDECLARED_SELECTOR = YES;
				GCC_WARN_UNINITIALIZED_AUTOS = YES_AGGRESSIVE;
				GCC_WARN_UNUSED_FUNCTION = YES;
				GCC_WARN_UNUSED_VARIABLE = YES;
				IPHONEOS_DEPLOYMENT_TARGET = 10.0;
				MTL_ENABLE_DEBUG_INFO = NO;
				SDKROOT = iphoneos;
				TARGETED_DEVICE_FAMILY = "1,2";
				VALIDATE_PRODUCT = YES;
			};
			name = Release;
		};
		6E19C26C1DB611F800021B1B /* Debug */ = {
			isa = XCBuildConfiguration;
			baseConfigurationReference = 3AA0E421CFF339F35D186A07 /* Pods-LCNChatKit.debug.xcconfig */;
			buildSettings = {
				ALWAYS_SEARCH_USER_PATHS = NO;
				ASSETCATALOG_COMPILER_APPICON_NAME = AppIcon;
				DEVELOPMENT_TEAM = 6K9HLYD652;
				ENABLE_BITCODE = NO;
				FRAMEWORK_SEARCH_PATHS = (
					"$(inherited)",
					"$(PROJECT_DIR)/LCNChatKit",
				);
				GCC_PRECOMPILE_PREFIX_HEADER = YES;
				GCC_PREFIX_HEADER = "$(SRCROOT)/LCNChatKit/LCNChatKit-Prefix.pch";
				INFOPLIST_FILE = LCNChatKit/Info.plist;
				IPHONEOS_DEPLOYMENT_TARGET = 8.0;
				LD_RUNPATH_SEARCH_PATHS = "$(inherited) @executable_path/Frameworks";
				LIBRARY_SEARCH_PATHS = (
					"$(inherited)",
					"$(PROJECT_DIR)/LCNChatKit/opencore-amrnb",
					"$(PROJECT_DIR)/LCNChatKit/opencore-amrwb",
					"$(PROJECT_DIR)/LCNChatKit",
				);
				PRODUCT_BUNDLE_IDENTIFIER = com.enrecul.LCNChatKit;
				PRODUCT_NAME = "$(TARGET_NAME)";
			};
			name = Debug;
		};
		6E19C26D1DB611F800021B1B /* Release */ = {
			isa = XCBuildConfiguration;
			baseConfigurationReference = 664A8137201E41CB75DB0D84 /* Pods-LCNChatKit.release.xcconfig */;
			buildSettings = {
				ALWAYS_SEARCH_USER_PATHS = NO;
				ASSETCATALOG_COMPILER_APPICON_NAME = AppIcon;
				DEVELOPMENT_TEAM = 6K9HLYD652;
				ENABLE_BITCODE = NO;
				FRAMEWORK_SEARCH_PATHS = (
					"$(inherited)",
					"$(PROJECT_DIR)/LCNChatKit",
				);
				GCC_PRECOMPILE_PREFIX_HEADER = YES;
				GCC_PREFIX_HEADER = "$(SRCROOT)/LCNChatKit/LCNChatKit-Prefix.pch";
				INFOPLIST_FILE = LCNChatKit/Info.plist;
				IPHONEOS_DEPLOYMENT_TARGET = 8.0;
				LD_RUNPATH_SEARCH_PATHS = "$(inherited) @executable_path/Frameworks";
				LIBRARY_SEARCH_PATHS = (
					"$(inherited)",
					"$(PROJECT_DIR)/LCNChatKit/opencore-amrnb",
					"$(PROJECT_DIR)/LCNChatKit/opencore-amrwb",
					"$(PROJECT_DIR)/LCNChatKit",
				);
				PRODUCT_BUNDLE_IDENTIFIER = com.enrecul.LCNChatKit;
				PRODUCT_NAME = "$(TARGET_NAME)";
			};
			name = Release;
		};
		6E19C26F1DB611F800021B1B /* Debug */ = {
			isa = XCBuildConfiguration;
			buildSettings = {
				BUNDLE_LOADER = "$(TEST_HOST)";
				DEVELOPMENT_TEAM = 6K9HLYD652;
				INFOPLIST_FILE = LCNChatKitTests/Info.plist;
				LD_RUNPATH_SEARCH_PATHS = "$(inherited) @executable_path/Frameworks @loader_path/Frameworks";
				PRODUCT_BUNDLE_IDENTIFIER = com.enrecul.LCNChatKitTests;
				PRODUCT_NAME = "$(TARGET_NAME)";
				TEST_HOST = "$(BUILT_PRODUCTS_DIR)/LCNChatKit.app/LCNChatKit";
			};
			name = Debug;
		};
		6E19C2701DB611F800021B1B /* Release */ = {
			isa = XCBuildConfiguration;
			buildSettings = {
				BUNDLE_LOADER = "$(TEST_HOST)";
				DEVELOPMENT_TEAM = 6K9HLYD652;
				INFOPLIST_FILE = LCNChatKitTests/Info.plist;
				LD_RUNPATH_SEARCH_PATHS = "$(inherited) @executable_path/Frameworks @loader_path/Frameworks";
				PRODUCT_BUNDLE_IDENTIFIER = com.enrecul.LCNChatKitTests;
				PRODUCT_NAME = "$(TARGET_NAME)";
				TEST_HOST = "$(BUILT_PRODUCTS_DIR)/LCNChatKit.app/LCNChatKit";
			};
			name = Release;
		};
		6E19C2721DB611F800021B1B /* Debug */ = {
			isa = XCBuildConfiguration;
			buildSettings = {
				DEVELOPMENT_TEAM = 6K9HLYD652;
				INFOPLIST_FILE = LCNChatKitUITests/Info.plist;
				LD_RUNPATH_SEARCH_PATHS = "$(inherited) @executable_path/Frameworks @loader_path/Frameworks";
				PRODUCT_BUNDLE_IDENTIFIER = com.enrecul.LCNChatKitUITests;
				PRODUCT_NAME = "$(TARGET_NAME)";
				TEST_TARGET_NAME = LCNChatKit;
			};
			name = Debug;
		};
		6E19C2731DB611F800021B1B /* Release */ = {
			isa = XCBuildConfiguration;
			buildSettings = {
				DEVELOPMENT_TEAM = 6K9HLYD652;
				INFOPLIST_FILE = LCNChatKitUITests/Info.plist;
				LD_RUNPATH_SEARCH_PATHS = "$(inherited) @executable_path/Frameworks @loader_path/Frameworks";
				PRODUCT_BUNDLE_IDENTIFIER = com.enrecul.LCNChatKitUITests;
				PRODUCT_NAME = "$(TARGET_NAME)";
				TEST_TARGET_NAME = LCNChatKit;
			};
			name = Release;
		};
/* End XCBuildConfiguration section */

/* Begin XCConfigurationList section */
		6E19C2391DB611F800021B1B /* Build configuration list for PBXProject "LCNChatKit" */ = {
			isa = XCConfigurationList;
			buildConfigurations = (
				6E19C2691DB611F800021B1B /* Debug */,
				6E19C26A1DB611F800021B1B /* Release */,
			);
			defaultConfigurationIsVisible = 0;
			defaultConfigurationName = Release;
		};
		6E19C26B1DB611F800021B1B /* Build configuration list for PBXNativeTarget "LCNChatKit" */ = {
			isa = XCConfigurationList;
			buildConfigurations = (
				6E19C26C1DB611F800021B1B /* Debug */,
				6E19C26D1DB611F800021B1B /* Release */,
			);
			defaultConfigurationIsVisible = 0;
			defaultConfigurationName = Release;
		};
		6E19C26E1DB611F800021B1B /* Build configuration list for PBXNativeTarget "LCNChatKitTests" */ = {
			isa = XCConfigurationList;
			buildConfigurations = (
				6E19C26F1DB611F800021B1B /* Debug */,
				6E19C2701DB611F800021B1B /* Release */,
			);
			defaultConfigurationIsVisible = 0;
			defaultConfigurationName = Release;
		};
		6E19C2711DB611F800021B1B /* Build configuration list for PBXNativeTarget "LCNChatKitUITests" */ = {
			isa = XCConfigurationList;
			buildConfigurations = (
				6E19C2721DB611F800021B1B /* Debug */,
				6E19C2731DB611F800021B1B /* Release */,
			);
			defaultConfigurationIsVisible = 0;
			defaultConfigurationName = Release;
		};
/* End XCConfigurationList section */
	};
	rootObject = 6E19C2361DB611F800021B1B /* Project object */;
}
